// !$*UTF8*$!
{
	archiveVersion = 1;
	classes = {
	};
	objectVersion = 50;
	objects = {

/* Begin PBXBuildFile section */
		B517D9042090738E0022E88E /* AppDelegate.swift in Sources */ = {isa = PBXBuildFile; fileRef = B517D9032090738E0022E88E /* AppDelegate.swift */; };
		B517D9062090738E0022E88E /* MainVC.swift in Sources */ = {isa = PBXBuildFile; fileRef = B517D9052090738E0022E88E /* MainVC.swift */; };
		B517D9092090738E0022E88E /* Main.storyboard in Resources */ = {isa = PBXBuildFile; fileRef = B517D9072090738E0022E88E /* Main.storyboard */; };
		B517D90B2090738F0022E88E /* Assets.xcassets in Resources */ = {isa = PBXBuildFile; fileRef = B517D90A2090738F0022E88E /* Assets.xcassets */; };
		B517D90E2090738F0022E88E /* LaunchScreen.storyboard in Resources */ = {isa = PBXBuildFile; fileRef = B517D90C2090738F0022E88E /* LaunchScreen.storyboard */; };
		B517D918209079180022E88E /* CurrencyTxtField.swift in Sources */ = {isa = PBXBuildFile; fileRef = B517D917209079180022E88E /* CurrencyTxtField.swift */; };
		B517D9202091D8C80022E88E /*  window_shoperTests.swift in Sources */ = {isa = PBXBuildFile; fileRef = B517D91F2091D8C80022E88E /*  window_shoperTests.swift */; };
		B517D9292091D9580022E88E /* Wage.swift in Sources */ = {isa = PBXBuildFile; fileRef = B517D9282091D9580022E88E /* Wage.swift */; };
		B517D92A2091DB480022E88E /* Wage.swift in Sources */ = {isa = PBXBuildFile; fileRef = B517D9282091D9580022E88E /* Wage.swift */; };
/* End PBXBuildFile section */

/* Begin PBXContainerItemProxy section */
		B517D9222091D8C80022E88E /* PBXContainerItemProxy */ = {
			isa = PBXContainerItemProxy;
			containerPortal = B517D8F82090738E0022E88E /* Project object */;
			proxyType = 1;
			remoteGlobalIDString = B517D8FF2090738E0022E88E;
			remoteInfo = "window-shoper";
		};
/* End PBXContainerItemProxy section */

/* Begin PBXFileReference section */
		B517D9002090738E0022E88E /* window-shoper.app */ = {isa = PBXFileReference; explicitFileType = wrapper.application; includeInIndex = 0; path = "window-shoper.app"; sourceTree = BUILT_PRODUCTS_DIR; };
		B517D9032090738E0022E88E /* AppDelegate.swift */ = {isa = PBXFileReference; lastKnownFileType = sourcecode.swift; path = AppDelegate.swift; sourceTree = "<group>"; };
		B517D9052090738E0022E88E /* MainVC.swift */ = {isa = PBXFileReference; lastKnownFileType = sourcecode.swift; path = MainVC.swift; sourceTree = "<group>"; };
		B517D9082090738E0022E88E /* Base */ = {isa = PBXFileReference; lastKnownFileType = file.storyboard; name = Base; path = Base.lproj/Main.storyboard; sourceTree = "<group>"; };
		B517D90A2090738F0022E88E /* Assets.xcassets */ = {isa = PBXFileReference; lastKnownFileType = folder.assetcatalog; path = Assets.xcassets; sourceTree = "<group>"; };
		B517D90D2090738F0022E88E /* Base */ = {isa = PBXFileReference; lastKnownFileType = file.storyboard; name = Base; path = Base.lproj/LaunchScreen.storyboard; sourceTree = "<group>"; };
		B517D90F2090738F0022E88E /* Info.plist */ = {isa = PBXFileReference; lastKnownFileType = text.plist.xml; path = Info.plist; sourceTree = "<group>"; };
		B517D917209079180022E88E /* CurrencyTxtField.swift */ = {isa = PBXFileReference; lastKnownFileType = sourcecode.swift; path = CurrencyTxtField.swift; sourceTree = "<group>"; };
		B517D91D2091D8C80022E88E /* window-shoperTests.xctest */ = {isa = PBXFileReference; explicitFileType = wrapper.cfbundle; includeInIndex = 0; path = "window-shoperTests.xctest"; sourceTree = BUILT_PRODUCTS_DIR; };
		B517D91F2091D8C80022E88E /*  window_shoperTests.swift */ = {isa = PBXFileReference; lastKnownFileType = sourcecode.swift; path = " window_shoperTests.swift"; sourceTree = "<group>"; };
		B517D9212091D8C80022E88E /* Info.plist */ = {isa = PBXFileReference; lastKnownFileType = text.plist.xml; path = Info.plist; sourceTree = "<group>"; };
		B517D9282091D9580022E88E /* Wage.swift */ = {isa = PBXFileReference; lastKnownFileType = sourcecode.swift; path = Wage.swift; sourceTree = "<group>"; };
/* End PBXFileReference section */

/* Begin PBXFrameworksBuildPhase section */
		B517D8FD2090738E0022E88E /* Frameworks */ = {
			isa = PBXFrameworksBuildPhase;
			buildActionMask = 2147483647;
			files = (
			);
			runOnlyForDeploymentPostprocessing = 0;
		};
		B517D91A2091D8C80022E88E /* Frameworks */ = {
			isa = PBXFrameworksBuildPhase;
			buildActionMask = 2147483647;
			files = (
			);
			runOnlyForDeploymentPostprocessing = 0;
		};
/* End PBXFrameworksBuildPhase section */

/* Begin PBXGroup section */
		B517D8F72090738E0022E88E = {
			isa = PBXGroup;
			children = (
				B517D9022090738E0022E88E /* window-shoper */,
				B517D91E2091D8C80022E88E /* window-shoperTests */,
				B517D9012090738E0022E88E /* Products */,
			);
			sourceTree = "<group>";
		};
		B517D9012090738E0022E88E /* Products */ = {
			isa = PBXGroup;
			children = (
				B517D9002090738E0022E88E /* window-shoper.app */,
				B517D91D2091D8C80022E88E /* window-shoperTests.xctest */,
			);
			name = Products;
			sourceTree = "<group>";
		};
		B517D9022090738E0022E88E /* window-shoper */ = {
			isa = PBXGroup;
			children = (
				B517D9272091D9110022E88E /* Model */,
				B517D916209078C60022E88E /* Views */,
				B517D915209075AE0022E88E /* Controller */,
				B517D9032090738E0022E88E /* AppDelegate.swift */,
				B517D9072090738E0022E88E /* Main.storyboard */,
				B517D90A2090738F0022E88E /* Assets.xcassets */,
				B517D90C2090738F0022E88E /* LaunchScreen.storyboard */,
				B517D90F2090738F0022E88E /* Info.plist */,
			);
			path = "window-shoper";
			sourceTree = "<group>";
		};
		B517D915209075AE0022E88E /* Controller */ = {
			isa = PBXGroup;
			children = (
				B517D9052090738E0022E88E /* MainVC.swift */,
			);
			path = Controller;
			sourceTree = "<group>";
		};
		B517D916209078C60022E88E /* Views */ = {
			isa = PBXGroup;
			children = (
				B517D917209079180022E88E /* CurrencyTxtField.swift */,
			);
			path = Views;
			sourceTree = "<group>";
		};
		B517D91E2091D8C80022E88E /* window-shoperTests */ = {
			isa = PBXGroup;
			children = (
				B517D91F2091D8C80022E88E /*  window_shoperTests.swift */,
				B517D9212091D8C80022E88E /* Info.plist */,
			);
			path = "window-shoperTests";
			sourceTree = "<group>";
		};
		B517D9272091D9110022E88E /* Model */ = {
			isa = PBXGroup;
			children = (
				B517D9282091D9580022E88E /* Wage.swift */,
			);
			path = Model;
			sourceTree = "<group>";
		};
/* End PBXGroup section */

/* Begin PBXNativeTarget section */
		B517D8FF2090738E0022E88E /* window-shoper */ = {
			isa = PBXNativeTarget;
			buildConfigurationList = B517D9122090738F0022E88E /* Build configuration list for PBXNativeTarget "window-shoper" */;
			buildPhases = (
				B517D8FC2090738E0022E88E /* Sources */,
				B517D8FD2090738E0022E88E /* Frameworks */,
				B517D8FE2090738E0022E88E /* Resources */,
			);
			buildRules = (
			);
			dependencies = (
			);
			name = "window-shoper";
			productName = "window-shoper";
			productReference = B517D9002090738E0022E88E /* window-shoper.app */;
			productType = "com.apple.product-type.application";
		};
		B517D91C2091D8C80022E88E /* window-shoperTests */ = {
			isa = PBXNativeTarget;
			buildConfigurationList = B517D9242091D8C80022E88E /* Build configuration list for PBXNativeTarget "window-shoperTests" */;
			buildPhases = (
				B517D9192091D8C80022E88E /* Sources */,
				B517D91A2091D8C80022E88E /* Frameworks */,
				B517D91B2091D8C80022E88E /* Resources */,
			);
			buildRules = (
			);
			dependencies = (
				B517D9232091D8C80022E88E /* PBXTargetDependency */,
			);
			name = "window-shoperTests";
			productName = "window-shoperTests";
			productReference = B517D91D2091D8C80022E88E /* window-shoperTests.xctest */;
			productType = "com.apple.product-type.bundle.unit-test";
		};
/* End PBXNativeTarget section */

/* Begin PBXProject section */
		B517D8F82090738E0022E88E /* Project object */ = {
			isa = PBXProject;
			attributes = {
				LastSwiftUpdateCheck = 0930;
				LastUpgradeCheck = 0930;
				ORGANIZATIONNAME = "Rafał Chołody";
				TargetAttributes = {
					B517D8FF2090738E0022E88E = {
						CreatedOnToolsVersion = 9.3;
					};
					B517D91C2091D8C80022E88E = {
						CreatedOnToolsVersion = 9.3;
						TestTargetID = B517D8FF2090738E0022E88E;
					};
				};
			};
			buildConfigurationList = B517D8FB2090738E0022E88E /* Build configuration list for PBXProject "window-shoper" */;
			compatibilityVersion = "Xcode 9.3";
			developmentRegion = en;
			hasScannedForEncodings = 0;
			knownRegions = (
				en,
				Base,
			);
			mainGroup = B517D8F72090738E0022E88E;
			productRefGroup = B517D9012090738E0022E88E /* Products */;
			projectDirPath = "";
			projectRoot = "";
			targets = (
				B517D8FF2090738E0022E88E /* window-shoper */,
				B517D91C2091D8C80022E88E /* window-shoperTests */,
			);
		};
/* End PBXProject section */

/* Begin PBXResourcesBuildPhase section */
		B517D8FE2090738E0022E88E /* Resources */ = {
			isa = PBXResourcesBuildPhase;
			buildActionMask = 2147483647;
			files = (
				B517D90E2090738F0022E88E /* LaunchScreen.storyboard in Resources */,
				B517D90B2090738F0022E88E /* Assets.xcassets in Resources */,
				B517D9092090738E0022E88E /* Main.storyboard in Resources */,
			);
			runOnlyForDeploymentPostprocessing = 0;
		};
		B517D91B2091D8C80022E88E /* Resources */ = {
			isa = PBXResourcesBuildPhase;
			buildActionMask = 2147483647;
			files = (
			);
			runOnlyForDeploymentPostprocessing = 0;
		};
/* End PBXResourcesBuildPhase section */

/* Begin PBXSourcesBuildPhase section */
		B517D8FC2090738E0022E88E /* Sources */ = {
			isa = PBXSourcesBuildPhase;
			buildActionMask = 2147483647;
			files = (
				B517D918209079180022E88E /* CurrencyTxtField.swift in Sources */,
				B517D9292091D9580022E88E /* Wage.swift in Sources */,
				B517D9062090738E0022E88E /* MainVC.swift in Sources */,
				B517D9042090738E0022E88E /* AppDelegate.swift in Sources */,
			);
			runOnlyForDeploymentPostprocessing = 0;
		};
		B517D9192091D8C80022E88E /* Sources */ = {
			isa = PBXSourcesBuildPhase;
			buildActionMask = 2147483647;
			files = (
				B517D9202091D8C80022E88E /*  window_shoperTests.swift in Sources */,
				B517D92A2091DB480022E88E /* Wage.swift in Sources */,
			);
			runOnlyForDeploymentPostprocessing = 0;
		};
/* End PBXSourcesBuildPhase section */

/* Begin PBXTargetDependency section */
		B517D9232091D8C80022E88E /* PBXTargetDependency */ = {
			isa = PBXTargetDependency;
			target = B517D8FF2090738E0022E88E /* window-shoper */;
			targetProxy = B517D9222091D8C80022E88E /* PBXContainerItemProxy */;
		};
/* End PBXTargetDependency section */

/* Begin PBXVariantGroup section */
		B517D9072090738E0022E88E /* Main.storyboard */ = {
			isa = PBXVariantGroup;
			children = (
				B517D9082090738E0022E88E /* Base */,
			);
			name = Main.storyboard;
			sourceTree = "<group>";
		};
		B517D90C2090738F0022E88E /* LaunchScreen.storyboard */ = {
			isa = PBXVariantGroup;
			children = (
				B517D90D2090738F0022E88E /* Base */,
			);
			name = LaunchScreen.storyboard;
			sourceTree = "<group>";
		};
/* End PBXVariantGroup section */

/* Begin XCBuildConfiguration section */
		B517D9102090738F0022E88E /* Debug */ = {
			isa = XCBuildConfiguration;
			buildSettings = {
				ALWAYS_SEARCH_USER_PATHS = NO;
				CLANG_ANALYZER_NONNULL = YES;
				CLANG_ANALYZER_NUMBER_OBJECT_CONVERSION = YES_AGGRESSIVE;
				CLANG_CXX_LANGUAGE_STANDARD = "gnu++14";
				CLANG_CXX_LIBRARY = "libc++";
				CLANG_ENABLE_MODULES = YES;
				CLANG_ENABLE_OBJC_ARC = YES;
				CLANG_ENABLE_OBJC_WEAK = YES;
				CLANG_WARN_BLOCK_CAPTURE_AUTORELEASING = YES;
				CLANG_WARN_BOOL_CONVERSION = YES;
				CLANG_WARN_COMMA = YES;
				CLANG_WARN_CONSTANT_CONVERSION = YES;
				CLANG_WARN_DEPRECATED_OBJC_IMPLEMENTATIONS = YES;
				CLANG_WARN_DIRECT_OBJC_ISA_USAGE = YES_ERROR;
				CLANG_WARN_DOCUMENTATION_COMMENTS = YES;
				CLANG_WARN_EMPTY_BODY = YES;
				CLANG_WARN_ENUM_CONVERSION = YES;
				CLANG_WARN_INFINITE_RECURSION = YES;
				CLANG_WARN_INT_CONVERSION = YES;
				CLANG_WARN_NON_LITERAL_NULL_CONVERSION = YES;
				CLANG_WARN_OBJC_IMPLICIT_RETAIN_SELF = YES;
				CLANG_WARN_OBJC_LITERAL_CONVERSION = YES;
				CLANG_WARN_OBJC_ROOT_CLASS = YES_ERROR;
				CLANG_WARN_RANGE_LOOP_ANALYSIS = YES;
				CLANG_WARN_STRICT_PROTOTYPES = YES;
				CLANG_WARN_SUSPICIOUS_MOVE = YES;
				CLANG_WARN_UNGUARDED_AVAILABILITY = YES_AGGRESSIVE;
				CLANG_WARN_UNREACHABLE_CODE = YES;
				CLANG_WARN__DUPLICATE_METHOD_MATCH = YES;
				CODE_SIGN_IDENTITY = "iPhone Developer";
				COPY_PHASE_STRIP = NO;
				DEBUG_INFORMATION_FORMAT = dwarf;
				ENABLE_STRICT_OBJC_MSGSEND = YES;
				ENABLE_TESTABILITY = YES;
				GCC_C_LANGUAGE_STANDARD = gnu11;
				GCC_DYNAMIC_NO_PIC = NO;
				GCC_NO_COMMON_BLOCKS = YES;
				GCC_OPTIMIZATION_LEVEL = 0;
				GCC_PREPROCESSOR_DEFINITIONS = (
					"DEBUG=1",
					"$(inherited)",
				);
				GCC_WARN_64_TO_32_BIT_CONVERSION = YES;
				GCC_WARN_ABOUT_RETURN_TYPE = YES_ERROR;
				GCC_WARN_UNDECLARED_SELECTOR = YES;
				GCC_WARN_UNINITIALIZED_AUTOS = YES_AGGRESSIVE;
				GCC_WARN_UNUSED_FUNCTION = YES;
				GCC_WARN_UNUSED_VARIABLE = YES;
				IPHONEOS_DEPLOYMENT_TARGET = 11.3;
				MTL_ENABLE_DEBUG_INFO = YES;
				ONLY_ACTIVE_ARCH = YES;
				SDKROOT = iphoneos;
				SWIFT_ACTIVE_COMPILATION_CONDITIONS = DEBUG;
				SWIFT_OPTIMIZATION_LEVEL = "-Onone";
			};
			name = Debug;
		};
		B517D9112090738F0022E88E /* Release */ = {
			isa = XCBuildConfiguration;
			buildSettings = {
				ALWAYS_SEARCH_USER_PATHS = NO;
				CLANG_ANALYZER_NONNULL = YES;
				CLANG_ANALYZER_NUMBER_OBJECT_CONVERSION = YES_AGGRESSIVE;
				CLANG_CXX_LANGUAGE_STANDARD = "gnu++14";
				CLANG_CXX_LIBRARY = "libc++";
				CLANG_ENABLE_MODULES = YES;
				CLANG_ENABLE_OBJC_ARC = YES;
				CLANG_ENABLE_OBJC_WEAK = YES;
				CLANG_WARN_BLOCK_CAPTURE_AUTORELEASING = YES;
				CLANG_WARN_BOOL_CONVERSION = YES;
				CLANG_WARN_COMMA = YES;
				CLANG_WARN_CONSTANT_CONVERSION = YES;
				CLANG_WARN_DEPRECATED_OBJC_IMPLEMENTATIONS = YES;
				CLANG_WARN_DIRECT_OBJC_ISA_USAGE = YES_ERROR;
				CLANG_WARN_DOCUMENTATION_COMMENTS = YES;
				CLANG_WARN_EMPTY_BODY = YES;
				CLANG_WARN_ENUM_CONVERSION = YES;
				CLANG_WARN_INFINITE_RECURSION = YES;
				CLANG_WARN_INT_CONVERSION = YES;
				CLANG_WARN_NON_LITERAL_NULL_CONVERSION = YES;
				CLANG_WARN_OBJC_IMPLICIT_RETAIN_SELF = YES;
				CLANG_WARN_OBJC_LITERAL_CONVERSION = YES;
				CLANG_WARN_OBJC_ROOT_CLASS = YES_ERROR;
				CLANG_WARN_RANGE_LOOP_ANALYSIS = YES;
				CLANG_WARN_STRICT_PROTOTYPES = YES;
				CLANG_WARN_SUSPICIOUS_MOVE = YES;
				CLANG_WARN_UNGUARDED_AVAILABILITY = YES_AGGRESSIVE;
				CLANG_WARN_UNREACHABLE_CODE = YES;
				CLANG_WARN__DUPLICATE_METHOD_MATCH = YES;
				CODE_SIGN_IDENTITY = "iPhone Developer";
				COPY_PHASE_STRIP = NO;
				DEBUG_INFORMATION_FORMAT = "dwarf-with-dsym";
				ENABLE_NS_ASSERTIONS = NO;
				ENABLE_STRICT_OBJC_MSGSEND = YES;
				GCC_C_LANGUAGE_STANDARD = gnu11;
				GCC_NO_COMMON_BLOCKS = YES;
				GCC_WARN_64_TO_32_BIT_CONVERSION = YES;
				GCC_WARN_ABOUT_RETURN_TYPE = YES_ERROR;
				GCC_WARN_UNDECLARED_SELECTOR = YES;
				GCC_WARN_UNINITIALIZED_AUTOS = YES_AGGRESSIVE;
				GCC_WARN_UNUSED_FUNCTION = YES;
				GCC_WARN_UNUSED_VARIABLE = YES;
				IPHONEOS_DEPLOYMENT_TARGET = 11.3;
				MTL_ENABLE_DEBUG_INFO = NO;
				SDKROOT = iphoneos;
				SWIFT_COMPILATION_MODE = wholemodule;
				SWIFT_OPTIMIZATION_LEVEL = "-O";
				VALIDATE_PRODUCT = YES;
			};
			name = Release;
		};
		B517D9132090738F0022E88E /* Debug */ = {
			isa = XCBuildConfiguration;
			buildSettings = {
				ASSETCATALOG_COMPILER_APPICON_NAME = AppIcon;
				CODE_SIGN_STYLE = Automatic;
				DEVELOPMENT_TEAM = STFSC5P624;
				INFOPLIST_FILE = "window-shoper/Info.plist";
				LD_RUNPATH_SEARCH_PATHS = (
					"$(inherited)",
					"@executable_path/Frameworks",
				);
				PRODUCT_BUNDLE_IDENTIFIER = "com.cholody.window-shoper";
				PRODUCT_NAME = "$(TARGET_NAME)";
				SWIFT_VERSION = 4.0;
				TARGETED_DEVICE_FAMILY = "1,2";
			};
			name = Debug;
		};
		B517D9142090738F0022E88E /* Release */ = {
			isa = XCBuildConfiguration;
			buildSettings = {
				ASSETCATALOG_COMPILER_APPICON_NAME = AppIcon;
				CODE_SIGN_STYLE = Automatic;
				DEVELOPMENT_TEAM = STFSC5P624;
				INFOPLIST_FILE = "window-shoper/Info.plist";
				LD_RUNPATH_SEARCH_PATHS = (
					"$(inherited)",
					"@executable_path/Frameworks",
				);
				PRODUCT_BUNDLE_IDENTIFIER = "com.cholody.window-shoper";
				PRODUCT_NAME = "$(TARGET_NAME)";
				SWIFT_VERSION = 4.0;
				TARGETED_DEVICE_FAMILY = "1,2";
			};
			name = Release;
		};
		B517D9252091D8C80022E88E /* Debug */ = {
			isa = XCBuildConfiguration;
			buildSettings = {
				BUNDLE_LOADER = "$(TEST_HOST)";
				CODE_SIGN_STYLE = Automatic;
				DEVELOPMENT_TEAM = STFSC5P624;
				INFOPLIST_FILE = "window-shoperTests/Info.plist";
				LD_RUNPATH_SEARCH_PATHS = (
					"$(inherited)",
					"@executable_path/Frameworks",
					"@loader_path/Frameworks",
				);
				PRODUCT_BUNDLE_IDENTIFIER = "com.cholody.window-shoperTests";
				PRODUCT_NAME = "$(TARGET_NAME)";
				SWIFT_VERSION = 4.0;
				TARGETED_DEVICE_FAMILY = "1,2";
				TEST_HOST = "$(BUILT_PRODUCTS_DIR)/window-shoper.app/window-shoper";
			};
			name = Debug;
		};
		B517D9262091D8C80022E88E /* Release */ = {
			isa = XCBuildConfiguration;
			buildSettings = {
				BUNDLE_LOADER = "$(TEST_HOST)";
				CODE_SIGN_STYLE = Automatic;
				DEVELOPMENT_TEAM = STFSC5P624;
				INFOPLIST_FILE = "window-shoperTests/Info.plist";
				LD_RUNPATH_SEARCH_PATHS = (
					"$(inherited)",
					"@executable_path/Frameworks",
					"@loader_path/Frameworks",
				);
				PRODUCT_BUNDLE_IDENTIFIER = "com.cholody.window-shoperTests";
				PRODUCT_NAME = "$(TARGET_NAME)";
				SWIFT_VERSION = 4.0;
				TARGETED_DEVICE_FAMILY = "1,2";
				TEST_HOST = "$(BUILT_PRODUCTS_DIR)/window-shoper.app/window-shoper";
			};
			name = Release;
		};
/* End XCBuildConfiguration section */

/* Begin XCConfigurationList section */
		B517D8FB2090738E0022E88E /* Build configuration list for PBXProject "window-shoper" */ = {
			isa = XCConfigurationList;
			buildConfigurations = (
				B517D9102090738F0022E88E /* Debug */,
				B517D9112090738F0022E88E /* Release */,
			);
			defaultConfigurationIsVisible = 0;
			defaultConfigurationName = Release;
		};
		B517D9122090738F0022E88E /* Build configuration list for PBXNativeTarget "window-shoper" */ = {
			isa = XCConfigurationList;
			buildConfigurations = (
				B517D9132090738F0022E88E /* Debug */,
				B517D9142090738F0022E88E /* Release */,
			);
			defaultConfigurationIsVisible = 0;
			defaultConfigurationName = Release;
		};
		B517D9242091D8C80022E88E /* Build configuration list for PBXNativeTarget "window-shoperTests" */ = {
			isa = XCConfigurationList;
			buildConfigurations = (
				B517D9252091D8C80022E88E /* Debug */,
				B517D9262091D8C80022E88E /* Release */,
			);
			defaultConfigurationIsVisible = 0;
			defaultConfigurationName = Release;
		};
/* End XCConfigurationList section */
	};
	rootObject = B517D8F82090738E0022E88E /* Project object */;
}
